Microsoft Visual Studio Solution File, Format Version 12.00
# Visual Studio Version 17
VisualStudioVersion = 17.5.2.0
MinimumVisualStudioVersion = 10.0.40219.1
Project("{FAE04EC0-301F-11D3-BF4B-00C04F79EFBC}") = "week5", "week5\week5.csproj", "{1D324546-A28A-0A56-DA0C-ABBBDAD0C201}"
EndProject
Global
	GlobalSection(SolutionConfigurationPlatforms) = preSolution
		Debug|Any CPU = Debug|Any CPU
		Release|Any CPU = Release|Any CPU
	EndGlobalSection
	GlobalSection(ProjectConfigurationPlatforms) = postSolution
		{1D324546-A28A-0A56-DA0C-ABBBDAD0C201}.Debug|Any CPU.ActiveCfg = Debug|Any CPU
		{1D324546-A28A-0A56-DA0C-ABBBDAD0C201}.Debug|Any CPU.Build.0 = Debug|Any CPU
		{1D324546-A28A-0A56-DA0C-ABBBDAD0C201}.Release|Any CPU.ActiveCfg = Release|Any CPU
		{1D324546-A28A-0A56-DA0C-ABBBDAD0C201}.Release|Any CPU.Build.0 = Release|Any CPU
	EndGlobalSection
	GlobalSection(SolutionProperties) = preSolution
		HideSolutionNode = FALSE
	EndGlobalSection
	GlobalSection(ExtensibilityGlobals) = postSolution
		SolutionGuid = {94CB9177-BB11-4C0A-B566-B6B5B68883DF}
	EndGlobalSection
EndGlobal
